
Microsoft Visual Studio Solution File, Format Version 11.00
# Visual Studio 2010
Project("{FAE04EC0-301F-11D3-BF4B-00C04F79EFBC}") = "KPPVision", "KPPVision.csproj", "{C3F9C133-946F-43D1-9C82-A6870C0A6ABC}"
EndProject
Global
	GlobalSection(SolutionConfigurationPlatforms) = preSolution
		Debug|Any CPU = Debug|Any CPU
		DebugRaspberry|Any CPU = DebugRaspberry|Any CPU
		Release|Any CPU = Release|Any CPU
	EndGlobalSection
	GlobalSection(ProjectConfigurationPlatforms) = postSolution
		{C3F9C133-946F-43D1-9C82-A6870C0A6ABC}.Debug|Any CPU.ActiveCfg = Debug|Any CPU
		{C3F9C133-946F-43D1-9C82-A6870C0A6ABC}.Debug|Any CPU.Build.0 = Debug|Any CPU
		{C3F9C133-946F-43D1-9C82-A6870C0A6ABC}.DebugRaspberry|Any CPU.ActiveCfg = DebugRaspberry|Any CPU
		{C3F9C133-946F-43D1-9C82-A6870C0A6ABC}.DebugRaspberry|Any CPU.Build.0 = DebugRaspberry|Any CPU
		{C3F9C133-946F-43D1-9C82-A6870C0A6ABC}.Release|Any CPU.ActiveCfg = Release|Any CPU
		{C3F9C133-946F-43D1-9C82-A6870C0A6ABC}.Release|Any CPU.Build.0 = Release|Any CPU
	EndGlobalSection
	GlobalSection(SolutionProperties) = preSolution
		HideSolutionNode = FALSE
	EndGlobalSection
EndGlobal
